
Microsoft Visual Studio Solution File, Format Version 12.00
# Visual Studio Version 16
VisualStudioVersion = 16.0.30907.101
MinimumVisualStudioVersion = 10.0.40219.1
Project("{FAE04EC0-301F-11D3-BF4B-00C04F79EFBC}") = "NilDevStudio.Musicas.Web", "NilDevStudio.Musicas.Web\NilDevStudio.Musicas.Web.csproj", "{7749B77A-0BDE-4F03-A351-90501B960A5B}"
EndProject
Project("{2150E333-8FDC-42A3-9474-1A3956D46DE8}") = "Dominio", "Dominio", "{76B96C6D-9FC7-4CB4-9C33-92BE576BFA17}"
EndProject
Project("{FAE04EC0-301F-11D3-BF4B-00C04F79EFBC}") = "NilDevStudio.Musicas.Dominio", "NilDevStudio.Musicas.Dominio\NilDevStudio.Musicas.Dominio.csproj", "{07C8FD00-E49B-4A3D-9035-52660751CF1E}"
EndProject
Project("{2150E333-8FDC-42A3-9474-1A3956D46DE8}") = "Acesso a Dados", "Acesso a Dados", "{6398C3F5-1A14-4F61-8E31-1241F3170B73}"
EndProject
Project("{FAE04EC0-301F-11D3-BF4B-00C04F79EFBC}") = "NilDevStudio.Musicas.AcessoDados.Entity", "NilDevStudio.Musicas.AcessoDados.Entity\NilDevStudio.Musicas.AcessoDados.Entity.csproj", "{2A38C05D-0D1A-4648-853F-537C6F85B0BB}"
EndProject
Project("{FAE04EC0-301F-11D3-BF4B-00C04F79EFBC}") = "NilDevStudio.Comum.Entity", "NilDevStudio.Comum.Entity\NilDevStudio.Comum.Entity.csproj", "{CC308657-9787-4325-90E6-B6A01B312F1D}"
EndProject
Global
	GlobalSection(SolutionConfigurationPlatforms) = preSolution
		Debug|Any CPU = Debug|Any CPU
		Release|Any CPU = Release|Any CPU
	EndGlobalSection
	GlobalSection(ProjectConfigurationPlatforms) = postSolution
		{7749B77A-0BDE-4F03-A351-90501B960A5B}.Debug|Any CPU.ActiveCfg = Debug|Any CPU
		{7749B77A-0BDE-4F03-A351-90501B960A5B}.Debug|Any CPU.Build.0 = Debug|Any CPU
		{7749B77A-0BDE-4F03-A351-90501B960A5B}.Release|Any CPU.ActiveCfg = Release|Any CPU
		{7749B77A-0BDE-4F03-A351-90501B960A5B}.Release|Any CPU.Build.0 = Release|Any CPU
		{07C8FD00-E49B-4A3D-9035-52660751CF1E}.Debug|Any CPU.ActiveCfg = Debug|Any CPU
		{07C8FD00-E49B-4A3D-9035-52660751CF1E}.Debug|Any CPU.Build.0 = Debug|Any CPU
		{07C8FD00-E49B-4A3D-9035-52660751CF1E}.Release|Any CPU.ActiveCfg = Release|Any CPU
		{07C8FD00-E49B-4A3D-9035-52660751CF1E}.Release|Any CPU.Build.0 = Release|Any CPU
		{2A38C05D-0D1A-4648-853F-537C6F85B0BB}.Debug|Any CPU.ActiveCfg = Debug|Any CPU
		{2A38C05D-0D1A-4648-853F-537C6F85B0BB}.Debug|Any CPU.Build.0 = Debug|Any CPU
		{2A38C05D-0D1A-4648-853F-537C6F85B0BB}.Release|Any CPU.ActiveCfg = Release|Any CPU
		{2A38C05D-0D1A-4648-853F-537C6F85B0BB}.Release|Any CPU.Build.0 = Release|Any CPU
		{CC308657-9787-4325-90E6-B6A01B312F1D}.Debug|Any CPU.ActiveCfg = Debug|Any CPU
		{CC308657-9787-4325-90E6-B6A01B312F1D}.Debug|Any CPU.Build.0 = Debug|Any CPU
		{CC308657-9787-4325-90E6-B6A01B312F1D}.Release|Any CPU.ActiveCfg = Release|Any CPU
		{CC308657-9787-4325-90E6-B6A01B312F1D}.Release|Any CPU.Build.0 = Release|Any CPU
	EndGlobalSection
	GlobalSection(SolutionProperties) = preSolution
		HideSolutionNode = FALSE
	EndGlobalSection
	GlobalSection(NestedProjects) = preSolution
		{07C8FD00-E49B-4A3D-9035-52660751CF1E} = {76B96C6D-9FC7-4CB4-9C33-92BE576BFA17}
		{2A38C05D-0D1A-4648-853F-537C6F85B0BB} = {6398C3F5-1A14-4F61-8E31-1241F3170B73}
		{CC308657-9787-4325-90E6-B6A01B312F1D} = {6398C3F5-1A14-4F61-8E31-1241F3170B73}
	EndGlobalSection
	GlobalSection(ExtensibilityGlobals) = postSolution
		SolutionGuid = {8AD64DF1-8AAD-4D4C-8B6A-0A77DEF6AB93}
	EndGlobalSection
EndGlobal
